
Microsoft Visual Studio Solution File, Format Version 12.00
Project("{FAE04EC0-301F-11D3-BF4B-00C04F79EFBC}") = "CleanArchitecture.Api", "CleanArchitecture.Api\CleanArchitecture.Api.csproj", "{B4652CA3-E235-441C-B002-3E08936EF55D}"
EndProject
Global
	GlobalSection(SolutionConfigurationPlatforms) = preSolution
		Debug|Any CPU = Debug|Any CPU
		Release|Any CPU = Release|Any CPU
	EndGlobalSection
	GlobalSection(ProjectConfigurationPlatforms) = postSolution
		{B4652CA3-E235-441C-B002-3E08936EF55D}.Debug|Any CPU.ActiveCfg = Debug|Any CPU
		{B4652CA3-E235-441C-B002-3E08936EF55D}.Debug|Any CPU.Build.0 = Debug|Any CPU
		{B4652CA3-E235-441C-B002-3E08936EF55D}.Release|Any CPU.ActiveCfg = Release|Any CPU
		{B4652CA3-E235-441C-B002-3E08936EF55D}.Release|Any CPU.Build.0 = Release|Any CPU
	EndGlobalSection
EndGlobal
